
Microsoft Visual Studio Solution File, Format Version 12.00
# Visual Studio Version 17
VisualStudioVersion = 17.14.36414.22 d17.14
MinimumVisualStudioVersion = 10.0.40219.1
Project("{FAE04EC0-301F-11D3-BF4B-00C04F79EFBC}") = "RijSchool", "RijSchool\RijSchool.csproj", "{B054DF2C-F337-47F5-B190-052396F8F317}"
EndProject
Global
	GlobalSection(SolutionConfigurationPlatforms) = preSolution
		Debug|Any CPU = Debug|Any CPU
		Release|Any CPU = Release|Any CPU
	EndGlobalSection
	GlobalSection(ProjectConfigurationPlatforms) = postSolution
		{B054DF2C-F337-47F5-B190-052396F8F317}.Debug|Any CPU.ActiveCfg = Debug|Any CPU
		{B054DF2C-F337-47F5-B190-052396F8F317}.Debug|Any CPU.Build.0 = Debug|Any CPU
		{B054DF2C-F337-47F5-B190-052396F8F317}.Release|Any CPU.ActiveCfg = Release|Any CPU
		{B054DF2C-F337-47F5-B190-052396F8F317}.Release|Any CPU.Build.0 = Release|Any CPU
	EndGlobalSection
	GlobalSection(SolutionProperties) = preSolution
		HideSolutionNode = FALSE
	EndGlobalSection
	GlobalSection(ExtensibilityGlobals) = postSolution
		SolutionGuid = {44008109-FB83-4328-8404-4498C83473FB}
	EndGlobalSection
EndGlobal
